
Microsoft Visual Studio Solution File, Format Version 10.00
# Visual Studio 2008
Project("{FAE04EC0-301F-11D3-BF4B-00C04F79EFBC}") = "FastBinTimeseries", "FastBinTimeseries\FastBinTimeseries.csproj", "{D07A780C-142B-4E52-9BCC-52B03B60553D}"
EndProject
Project("{FAE04EC0-301F-11D3-BF4B-00C04F79EFBC}") = "FastBinTimeseries.Test", "FastBinTimeseries.Test\FastBinTimeseries.Test.csproj", "{B7F2EC1B-4CD7-45AA-A3B7-458FC189460B}"
EndProject
Project("{FAE04EC0-301F-11D3-BF4B-00C04F79EFBC}") = "DatabaseService", "DatabaseService\DatabaseService.csproj", "{6EE93CE0-9128-456A-9394-7B5E78B6A72A}"
EndProject
Project("{FAE04EC0-301F-11D3-BF4B-00C04F79EFBC}") = "Hp.Services", "..\..\svn2\HpLib\Hp.Services\Hp.Services.csproj", "{540D52F5-D504-4C27-A93E-DC5DB271B3F8}"
EndProject
Global
	GlobalSection(SolutionConfigurationPlatforms) = preSolution
		Debug|Any CPU = Debug|Any CPU
		Release|Any CPU = Release|Any CPU
	EndGlobalSection
	GlobalSection(ProjectConfigurationPlatforms) = postSolution
		{D07A780C-142B-4E52-9BCC-52B03B60553D}.Debug|Any CPU.ActiveCfg = Debug|Any CPU
		{D07A780C-142B-4E52-9BCC-52B03B60553D}.Debug|Any CPU.Build.0 = Debug|Any CPU
		{D07A780C-142B-4E52-9BCC-52B03B60553D}.Release|Any CPU.ActiveCfg = Release|Any CPU
		{D07A780C-142B-4E52-9BCC-52B03B60553D}.Release|Any CPU.Build.0 = Release|Any CPU
		{B7F2EC1B-4CD7-45AA-A3B7-458FC189460B}.Debug|Any CPU.ActiveCfg = Debug|Any CPU
		{B7F2EC1B-4CD7-45AA-A3B7-458FC189460B}.Debug|Any CPU.Build.0 = Debug|Any CPU
		{B7F2EC1B-4CD7-45AA-A3B7-458FC189460B}.Release|Any CPU.ActiveCfg = Release|Any CPU
		{B7F2EC1B-4CD7-45AA-A3B7-458FC189460B}.Release|Any CPU.Build.0 = Release|Any CPU
		{6EE93CE0-9128-456A-9394-7B5E78B6A72A}.Debug|Any CPU.ActiveCfg = Debug|Any CPU
		{6EE93CE0-9128-456A-9394-7B5E78B6A72A}.Debug|Any CPU.Build.0 = Debug|Any CPU
		{6EE93CE0-9128-456A-9394-7B5E78B6A72A}.Release|Any CPU.ActiveCfg = Release|Any CPU
		{6EE93CE0-9128-456A-9394-7B5E78B6A72A}.Release|Any CPU.Build.0 = Release|Any CPU
		{540D52F5-D504-4C27-A93E-DC5DB271B3F8}.Debug|Any CPU.ActiveCfg = Debug|Any CPU
		{540D52F5-D504-4C27-A93E-DC5DB271B3F8}.Debug|Any CPU.Build.0 = Debug|Any CPU
		{540D52F5-D504-4C27-A93E-DC5DB271B3F8}.Release|Any CPU.ActiveCfg = Release|Any CPU
		{540D52F5-D504-4C27-A93E-DC5DB271B3F8}.Release|Any CPU.Build.0 = Release|Any CPU
	EndGlobalSection
	GlobalSection(SolutionProperties) = preSolution
		HideSolutionNode = FALSE
	EndGlobalSection
EndGlobal
