
Microsoft Visual Studio Solution File, Format Version 11.00
# Visual Studio 2010
Project("{FAE04EC0-301F-11D3-BF4B-00C04F79EFBC}") = "TimeSeriesDb", "TimeSeriesDb\TimeSeriesDb.csproj", "{D07A780C-142B-4E52-9BCC-52B03B60553D}"
EndProject
Project("{FAE04EC0-301F-11D3-BF4B-00C04F79EFBC}") = "TimeSeriesDb.Test", "TimeSeriesDb.Test\TimeSeriesDb.Test.csproj", "{B7F2EC1B-4CD7-45AA-A3B7-458FC189460B}"
EndProject
Project("{FAE04EC0-301F-11D3-BF4B-00C04F79EFBC}") = "TimeSeriesDb.Legacy", "TimeSeriesDb.Legacy\TimeSeriesDb.Legacy.csproj", "{66263510-4FF2-42CB-BC7E-6FA2722C3889}"
EndProject
Project("{2150E333-8FDC-42A3-9474-1A3956D46DE8}") = ".nuget", ".nuget", "{B034D39B-1D00-4E63-9EB2-B8F6B49FC70E}"
	ProjectSection(SolutionItems) = preProject
		.nuget\NuGet.exe = .nuget\NuGet.exe
		.nuget\NuGet.targets = .nuget\NuGet.targets
	EndProjectSection
EndProject
Project("{FAE04EC0-301F-11D3-BF4B-00C04F79EFBC}") = "TimeSeriesDb.Samples.ProjRef", "TimeSeriesDb.Samples\TimeSeriesDb.Samples.ProjRef.csproj", "{4B613097-079A-48E7-8E00-1150A06363E7}"
EndProject
Project("{FAE04EC0-301F-11D3-BF4B-00C04F79EFBC}") = "TimeSeriesDb.Samples", "TimeSeriesDb.Samples\TimeSeriesDb.Samples.csproj", "{411BA957-7899-4A46-9106-B361D1BEB7F9}"
EndProject
Global
	GlobalSection(SolutionConfigurationPlatforms) = preSolution
		Debug|Any CPU = Debug|Any CPU
		Release|Any CPU = Release|Any CPU
		ReleaseSigned|Any CPU = ReleaseSigned|Any CPU
	EndGlobalSection
	GlobalSection(ProjectConfigurationPlatforms) = postSolution
		{D07A780C-142B-4E52-9BCC-52B03B60553D}.Debug|Any CPU.ActiveCfg = Debug|Any CPU
		{D07A780C-142B-4E52-9BCC-52B03B60553D}.Debug|Any CPU.Build.0 = Debug|Any CPU
		{D07A780C-142B-4E52-9BCC-52B03B60553D}.Release|Any CPU.ActiveCfg = Release|Any CPU
		{D07A780C-142B-4E52-9BCC-52B03B60553D}.Release|Any CPU.Build.0 = Release|Any CPU
		{D07A780C-142B-4E52-9BCC-52B03B60553D}.ReleaseSigned|Any CPU.ActiveCfg = ReleaseSigned|Any CPU
		{D07A780C-142B-4E52-9BCC-52B03B60553D}.ReleaseSigned|Any CPU.Build.0 = ReleaseSigned|Any CPU
		{B7F2EC1B-4CD7-45AA-A3B7-458FC189460B}.Debug|Any CPU.ActiveCfg = Debug|Any CPU
		{B7F2EC1B-4CD7-45AA-A3B7-458FC189460B}.Debug|Any CPU.Build.0 = Debug|Any CPU
		{B7F2EC1B-4CD7-45AA-A3B7-458FC189460B}.Release|Any CPU.ActiveCfg = Release|Any CPU
		{B7F2EC1B-4CD7-45AA-A3B7-458FC189460B}.Release|Any CPU.Build.0 = Release|Any CPU
		{B7F2EC1B-4CD7-45AA-A3B7-458FC189460B}.ReleaseSigned|Any CPU.ActiveCfg = ReleaseSigned|Any CPU
		{B7F2EC1B-4CD7-45AA-A3B7-458FC189460B}.ReleaseSigned|Any CPU.Build.0 = ReleaseSigned|Any CPU
		{66263510-4FF2-42CB-BC7E-6FA2722C3889}.Debug|Any CPU.ActiveCfg = Debug|Any CPU
		{66263510-4FF2-42CB-BC7E-6FA2722C3889}.Debug|Any CPU.Build.0 = Debug|Any CPU
		{66263510-4FF2-42CB-BC7E-6FA2722C3889}.Release|Any CPU.ActiveCfg = Release|Any CPU
		{66263510-4FF2-42CB-BC7E-6FA2722C3889}.Release|Any CPU.Build.0 = Release|Any CPU
		{66263510-4FF2-42CB-BC7E-6FA2722C3889}.ReleaseSigned|Any CPU.ActiveCfg = ReleaseSigned|Any CPU
		{66263510-4FF2-42CB-BC7E-6FA2722C3889}.ReleaseSigned|Any CPU.Build.0 = ReleaseSigned|Any CPU
		{4B613097-079A-48E7-8E00-1150A06363E7}.Debug|Any CPU.ActiveCfg = Debug|Any CPU
		{4B613097-079A-48E7-8E00-1150A06363E7}.Debug|Any CPU.Build.0 = Debug|Any CPU
		{4B613097-079A-48E7-8E00-1150A06363E7}.Release|Any CPU.ActiveCfg = Release|Any CPU
		{4B613097-079A-48E7-8E00-1150A06363E7}.Release|Any CPU.Build.0 = Release|Any CPU
		{4B613097-079A-48E7-8E00-1150A06363E7}.ReleaseSigned|Any CPU.ActiveCfg = ReleaseSigned|Any CPU
		{4B613097-079A-48E7-8E00-1150A06363E7}.ReleaseSigned|Any CPU.Build.0 = ReleaseSigned|Any CPU
		{411BA957-7899-4A46-9106-B361D1BEB7F9}.Debug|Any CPU.ActiveCfg = Debug|Any CPU
		{411BA957-7899-4A46-9106-B361D1BEB7F9}.Debug|Any CPU.Build.0 = Debug|Any CPU
		{411BA957-7899-4A46-9106-B361D1BEB7F9}.Release|Any CPU.ActiveCfg = Release|Any CPU
		{411BA957-7899-4A46-9106-B361D1BEB7F9}.Release|Any CPU.Build.0 = Release|Any CPU
		{411BA957-7899-4A46-9106-B361D1BEB7F9}.ReleaseSigned|Any CPU.ActiveCfg = ReleaseSigned|Any CPU
		{411BA957-7899-4A46-9106-B361D1BEB7F9}.ReleaseSigned|Any CPU.Build.0 = ReleaseSigned|Any CPU
	EndGlobalSection
	GlobalSection(SolutionProperties) = preSolution
		HideSolutionNode = FALSE
	EndGlobalSection
EndGlobal
